// !$*UTF8*$!
{
	archiveVersion = 1;
	classes = {
	};
	objectVersion = 50;
	objects = {

/* Begin PBXBuildFile section */
		DD68935520B3786D0030D9ED /* Item.swift in Sources */ = {isa = PBXBuildFile; fileRef = DD68935420B3786D0030D9ED /* Item.swift */; };
		DDAFCAFF20ADFB7800E5DAC6 /* AppDelegate.swift in Sources */ = {isa = PBXBuildFile; fileRef = DDAFCAFE20ADFB7800E5DAC6 /* AppDelegate.swift */; };
		DDAFCB0120ADFB7800E5DAC6 /* TodoListViewController.swift in Sources */ = {isa = PBXBuildFile; fileRef = DDAFCB0020ADFB7800E5DAC6 /* TodoListViewController.swift */; };
		DDAFCB0420ADFB7800E5DAC6 /* Main.storyboard in Resources */ = {isa = PBXBuildFile; fileRef = DDAFCB0220ADFB7800E5DAC6 /* Main.storyboard */; };
		DDAFCB0620ADFB7900E5DAC6 /* Assets.xcassets in Resources */ = {isa = PBXBuildFile; fileRef = DDAFCB0520ADFB7900E5DAC6 /* Assets.xcassets */; };
		DDAFCB0920ADFB7900E5DAC6 /* LaunchScreen.storyboard in Resources */ = {isa = PBXBuildFile; fileRef = DDAFCB0720ADFB7900E5DAC6 /* LaunchScreen.storyboard */; };
/* End PBXBuildFile section */

/* Begin PBXFileReference section */
		DD68935420B3786D0030D9ED /* Item.swift */ = {isa = PBXFileReference; lastKnownFileType = sourcecode.swift; path = Item.swift; sourceTree = "<group>"; };
		DDAFCAFB20ADFB7800E5DAC6 /* Todoey.app */ = {isa = PBXFileReference; explicitFileType = wrapper.application; includeInIndex = 0; path = Todoey.app; sourceTree = BUILT_PRODUCTS_DIR; };
		DDAFCAFE20ADFB7800E5DAC6 /* AppDelegate.swift */ = {isa = PBXFileReference; lastKnownFileType = sourcecode.swift; path = AppDelegate.swift; sourceTree = "<group>"; };
		DDAFCB0020ADFB7800E5DAC6 /* TodoListViewController.swift */ = {isa = PBXFileReference; lastKnownFileType = sourcecode.swift; path = TodoListViewController.swift; sourceTree = "<group>"; };
		DDAFCB0320ADFB7800E5DAC6 /* Base */ = {isa = PBXFileReference; lastKnownFileType = file.storyboard; name = Base; path = Base.lproj/Main.storyboard; sourceTree = "<group>"; };
		DDAFCB0520ADFB7900E5DAC6 /* Assets.xcassets */ = {isa = PBXFileReference; lastKnownFileType = folder.assetcatalog; path = Assets.xcassets; sourceTree = "<group>"; };
		DDAFCB0820ADFB7900E5DAC6 /* Base */ = {isa = PBXFileReference; lastKnownFileType = file.storyboard; name = Base; path = Base.lproj/LaunchScreen.storyboard; sourceTree = "<group>"; };
		DDAFCB0A20ADFB7900E5DAC6 /* Info.plist */ = {isa = PBXFileReference; lastKnownFileType = text.plist.xml; path = Info.plist; sourceTree = "<group>"; };
/* End PBXFileReference section */

/* Begin PBXFrameworksBuildPhase section */
		DDAFCAF820ADFB7800E5DAC6 /* Frameworks */ = {
			isa = PBXFrameworksBuildPhase;
			buildActionMask = 2147483647;
			files = (
			);
			runOnlyForDeploymentPostprocessing = 0;
		};
/* End PBXFrameworksBuildPhase section */

/* Begin PBXGroup section */
		DD68934A20B3727C0030D9ED /* Data Model */ = {
			isa = PBXGroup;
			children = (
				DD68935420B3786D0030D9ED /* Item.swift */,
			);
			path = "Data Model";
			sourceTree = "<group>";
		};
		DD68934B20B372AB0030D9ED /* Controllers */ = {
			isa = PBXGroup;
			children = (
				DDAFCB0020ADFB7800E5DAC6 /* TodoListViewController.swift */,
			);
			path = Controllers;
			sourceTree = "<group>";
		};
		DD68934C20B372CB0030D9ED /* Views */ = {
			isa = PBXGroup;
			children = (
				DDAFCB0220ADFB7800E5DAC6 /* Main.storyboard */,
			);
			path = Views;
			sourceTree = "<group>";
		};
		DD68934D20B3730D0030D9ED /* Supporting Files */ = {
			isa = PBXGroup;
			children = (
				DDAFCB0520ADFB7900E5DAC6 /* Assets.xcassets */,
				DDAFCB0720ADFB7900E5DAC6 /* LaunchScreen.storyboard */,
			);
			path = "Supporting Files";
			sourceTree = "<group>";
		};
		DDAFCAF220ADFB7800E5DAC6 = {
			isa = PBXGroup;
			children = (
				DDAFCAFD20ADFB7800E5DAC6 /* Todoey */,
				DDAFCAFC20ADFB7800E5DAC6 /* Products */,
			);
			sourceTree = "<group>";
		};
		DDAFCAFC20ADFB7800E5DAC6 /* Products */ = {
			isa = PBXGroup;
			children = (
				DDAFCAFB20ADFB7800E5DAC6 /* Todoey.app */,
			);
			name = Products;
			sourceTree = "<group>";
		};
		DDAFCAFD20ADFB7800E5DAC6 /* Todoey */ = {
			isa = PBXGroup;
			children = (
				DDAFCAFE20ADFB7800E5DAC6 /* AppDelegate.swift */,
				DD68934B20B372AB0030D9ED /* Controllers */,
				DD68934A20B3727C0030D9ED /* Data Model */,
				DD68934C20B372CB0030D9ED /* Views */,
				DD68934D20B3730D0030D9ED /* Supporting Files */,
				DDAFCB0A20ADFB7900E5DAC6 /* Info.plist */,
			);
			path = Todoey;
			sourceTree = "<group>";
		};
/* End PBXGroup section */

/* Begin PBXNativeTarget section */
		DDAFCAFA20ADFB7800E5DAC6 /* Todoey */ = {
			isa = PBXNativeTarget;
			buildConfigurationList = DDAFCB0D20ADFB7900E5DAC6 /* Build configuration list for PBXNativeTarget "Todoey" */;
			buildPhases = (
				DDAFCAF720ADFB7800E5DAC6 /* Sources */,
				DDAFCAF820ADFB7800E5DAC6 /* Frameworks */,
				DDAFCAF920ADFB7800E5DAC6 /* Resources */,
			);
			buildRules = (
			);
			dependencies = (
			);
			name = Todoey;
			productName = Todoey;
			productReference = DDAFCAFB20ADFB7800E5DAC6 /* Todoey.app */;
			productType = "com.apple.product-type.application";
		};
/* End PBXNativeTarget section */

/* Begin PBXProject section */
		DDAFCAF320ADFB7800E5DAC6 /* Project object */ = {
			isa = PBXProject;
			attributes = {
				LastSwiftUpdateCheck = 0930;
				LastUpgradeCheck = 0930;
				ORGANIZATIONNAME = "Jonas Olsson";
				TargetAttributes = {
					DDAFCAFA20ADFB7800E5DAC6 = {
						CreatedOnToolsVersion = 9.3.1;
					};
				};
			};
			buildConfigurationList = DDAFCAF620ADFB7800E5DAC6 /* Build configuration list for PBXProject "Todoey" */;
			compatibilityVersion = "Xcode 9.3";
			developmentRegion = en;
			hasScannedForEncodings = 0;
			knownRegions = (
				en,
				Base,
			);
			mainGroup = DDAFCAF220ADFB7800E5DAC6;
			productRefGroup = DDAFCAFC20ADFB7800E5DAC6 /* Products */;
			projectDirPath = "";
			projectRoot = "";
			targets = (
				DDAFCAFA20ADFB7800E5DAC6 /* Todoey */,
			);
		};
/* End PBXProject section */

/* Begin PBXResourcesBuildPhase section */
		DDAFCAF920ADFB7800E5DAC6 /* Resources */ = {
			isa = PBXResourcesBuildPhase;
			buildActionMask = 2147483647;
			files = (
				DDAFCB0920ADFB7900E5DAC6 /* LaunchScreen.storyboard in Resources */,
				DDAFCB0620ADFB7900E5DAC6 /* Assets.xcassets in Resources */,
				DDAFCB0420ADFB7800E5DAC6 /* Main.storyboard in Resources */,
			);
			runOnlyForDeploymentPostprocessing = 0;
		};
/* End PBXResourcesBuildPhase section */

/* Begin PBXSourcesBuildPhase section */
		DDAFCAF720ADFB7800E5DAC6 /* Sources */ = {
			isa = PBXSourcesBuildPhase;
			buildActionMask = 2147483647;
			files = (
				DDAFCB0120ADFB7800E5DAC6 /* TodoListViewController.swift in Sources */,
				DD68935520B3786D0030D9ED /* Item.swift in Sources */,
				DDAFCAFF20ADFB7800E5DAC6 /* AppDelegate.swift in Sources */,
			);
			runOnlyForDeploymentPostprocessing = 0;
		};
/* End PBXSourcesBuildPhase section */

/* Begin PBXVariantGroup section */
		DDAFCB0220ADFB7800E5DAC6 /* Main.storyboard */ = {
			isa = PBXVariantGroup;
			children = (
				DDAFCB0320ADFB7800E5DAC6 /* Base */,
			);
			name = Main.storyboard;
			sourceTree = "<group>";
		};
		DDAFCB0720ADFB7900E5DAC6 /* LaunchScreen.storyboard */ = {
			isa = PBXVariantGroup;
			children = (
				DDAFCB0820ADFB7900E5DAC6 /* Base */,
			);
			name = LaunchScreen.storyboard;
			sourceTree = "<group>";
		};
/* End PBXVariantGroup section */

/* Begin XCBuildConfiguration section */
		DDAFCB0B20ADFB7900E5DAC6 /* Debug */ = {
			isa = XCBuildConfiguration;
			buildSettings = {
				ALWAYS_SEARCH_USER_PATHS = NO;
				CLANG_ANALYZER_NONNULL = YES;
				CLANG_ANALYZER_NUMBER_OBJECT_CONVERSION = YES_AGGRESSIVE;
				CLANG_CXX_LANGUAGE_STANDARD = "gnu++14";
				CLANG_CXX_LIBRARY = "libc++";
				CLANG_ENABLE_MODULES = YES;
				CLANG_ENABLE_OBJC_ARC = YES;
				CLANG_ENABLE_OBJC_WEAK = YES;
				CLANG_WARN_BLOCK_CAPTURE_AUTORELEASING = YES;
				CLANG_WARN_BOOL_CONVERSION = YES;
				CLANG_WARN_COMMA = YES;
				CLANG_WARN_CONSTANT_CONVERSION = YES;
				CLANG_WARN_DEPRECATED_OBJC_IMPLEMENTATIONS = YES;
				CLANG_WARN_DIRECT_OBJC_ISA_USAGE = YES_ERROR;
				CLANG_WARN_DOCUMENTATION_COMMENTS = YES;
				CLANG_WARN_EMPTY_BODY = YES;
				CLANG_WARN_ENUM_CONVERSION = YES;
				CLANG_WARN_INFINITE_RECURSION = YES;
				CLANG_WARN_INT_CONVERSION = YES;
				CLANG_WARN_NON_LITERAL_NULL_CONVERSION = YES;
				CLANG_WARN_OBJC_IMPLICIT_RETAIN_SELF = YES;
				CLANG_WARN_OBJC_LITERAL_CONVERSION = YES;
				CLANG_WARN_OBJC_ROOT_CLASS = YES_ERROR;
				CLANG_WARN_RANGE_LOOP_ANALYSIS = YES;
				CLANG_WARN_STRICT_PROTOTYPES = YES;
				CLANG_WARN_SUSPICIOUS_MOVE = YES;
				CLANG_WARN_UNGUARDED_AVAILABILITY = YES_AGGRESSIVE;
				CLANG_WARN_UNREACHABLE_CODE = YES;
				CLANG_WARN__DUPLICATE_METHOD_MATCH = YES;
				CODE_SIGN_IDENTITY = "iPhone Developer";
				COPY_PHASE_STRIP = NO;
				DEBUG_INFORMATION_FORMAT = dwarf;
				ENABLE_STRICT_OBJC_MSGSEND = YES;
				ENABLE_TESTABILITY = YES;
				GCC_C_LANGUAGE_STANDARD = gnu11;
				GCC_DYNAMIC_NO_PIC = NO;
				GCC_NO_COMMON_BLOCKS = YES;
				GCC_OPTIMIZATION_LEVEL = 0;
				GCC_PREPROCESSOR_DEFINITIONS = (
					"DEBUG=1",
					"$(inherited)",
				);
				GCC_WARN_64_TO_32_BIT_CONVERSION = YES;
				GCC_WARN_ABOUT_RETURN_TYPE = YES_ERROR;
				GCC_WARN_UNDECLARED_SELECTOR = YES;
				GCC_WARN_UNINITIALIZED_AUTOS = YES_AGGRESSIVE;
				GCC_WARN_UNUSED_FUNCTION = YES;
				GCC_WARN_UNUSED_VARIABLE = YES;
				IPHONEOS_DEPLOYMENT_TARGET = 11.3;
				MTL_ENABLE_DEBUG_INFO = YES;
				ONLY_ACTIVE_ARCH = YES;
				SDKROOT = iphoneos;
				SWIFT_ACTIVE_COMPILATION_CONDITIONS = DEBUG;
				SWIFT_OPTIMIZATION_LEVEL = "-Onone";
			};
			name = Debug;
		};
		DDAFCB0C20ADFB7900E5DAC6 /* Release */ = {
			isa = XCBuildConfiguration;
			buildSettings = {
				ALWAYS_SEARCH_USER_PATHS = NO;
				CLANG_ANALYZER_NONNULL = YES;
				CLANG_ANALYZER_NUMBER_OBJECT_CONVERSION = YES_AGGRESSIVE;
				CLANG_CXX_LANGUAGE_STANDARD = "gnu++14";
				CLANG_CXX_LIBRARY = "libc++";
				CLANG_ENABLE_MODULES = YES;
				CLANG_ENABLE_OBJC_ARC = YES;
				CLANG_ENABLE_OBJC_WEAK = YES;
				CLANG_WARN_BLOCK_CAPTURE_AUTORELEASING = YES;
				CLANG_WARN_BOOL_CONVERSION = YES;
				CLANG_WARN_COMMA = YES;
				CLANG_WARN_CONSTANT_CONVERSION = YES;
				CLANG_WARN_DEPRECATED_OBJC_IMPLEMENTATIONS = YES;
				CLANG_WARN_DIRECT_OBJC_ISA_USAGE = YES_ERROR;
				CLANG_WARN_DOCUMENTATION_COMMENTS = YES;
				CLANG_WARN_EMPTY_BODY = YES;
				CLANG_WARN_ENUM_CONVERSION = YES;
				CLANG_WARN_INFINITE_RECURSION = YES;
				CLANG_WARN_INT_CONVERSION = YES;
				CLANG_WARN_NON_LITERAL_NULL_CONVERSION = YES;
				CLANG_WARN_OBJC_IMPLICIT_RETAIN_SELF = YES;
				CLANG_WARN_OBJC_LITERAL_CONVERSION = YES;
				CLANG_WARN_OBJC_ROOT_CLASS = YES_ERROR;
				CLANG_WARN_RANGE_LOOP_ANALYSIS = YES;
				CLANG_WARN_STRICT_PROTOTYPES = YES;
				CLANG_WARN_SUSPICIOUS_MOVE = YES;
				CLANG_WARN_UNGUARDED_AVAILABILITY = YES_AGGRESSIVE;
				CLANG_WARN_UNREACHABLE_CODE = YES;
				CLANG_WARN__DUPLICATE_METHOD_MATCH = YES;
				CODE_SIGN_IDENTITY = "iPhone Developer";
				COPY_PHASE_STRIP = NO;
				DEBUG_INFORMATION_FORMAT = "dwarf-with-dsym";
				ENABLE_NS_ASSERTIONS = NO;
				ENABLE_STRICT_OBJC_MSGSEND = YES;
				GCC_C_LANGUAGE_STANDARD = gnu11;
				GCC_NO_COMMON_BLOCKS = YES;
				GCC_WARN_64_TO_32_BIT_CONVERSION = YES;
				GCC_WARN_ABOUT_RETURN_TYPE = YES_ERROR;
				GCC_WARN_UNDECLARED_SELECTOR = YES;
				GCC_WARN_UNINITIALIZED_AUTOS = YES_AGGRESSIVE;
				GCC_WARN_UNUSED_FUNCTION = YES;
				GCC_WARN_UNUSED_VARIABLE = YES;
				IPHONEOS_DEPLOYMENT_TARGET = 11.3;
				MTL_ENABLE_DEBUG_INFO = NO;
				SDKROOT = iphoneos;
				SWIFT_COMPILATION_MODE = wholemodule;
				SWIFT_OPTIMIZATION_LEVEL = "-O";
				VALIDATE_PRODUCT = YES;
			};
			name = Release;
		};
		DDAFCB0E20ADFB7900E5DAC6 /* Debug */ = {
			isa = XCBuildConfiguration;
			buildSettings = {
				ASSETCATALOG_COMPILER_APPICON_NAME = AppIcon;
				CODE_SIGN_STYLE = Automatic;
				DEVELOPMENT_TEAM = 74QF95M98W;
				INFOPLIST_FILE = Todoey/Info.plist;
				LD_RUNPATH_SEARCH_PATHS = (
					"$(inherited)",
					"@executable_path/Frameworks",
				);
				PRODUCT_BUNDLE_IDENTIFIER = AB.Todoey;
				PRODUCT_NAME = "$(TARGET_NAME)";
				SWIFT_VERSION = 4.0;
				TARGETED_DEVICE_FAMILY = "1,2";
			};
			name = Debug;
		};
		DDAFCB0F20ADFB7900E5DAC6 /* Release */ = {
			isa = XCBuildConfiguration;
			buildSettings = {
				ASSETCATALOG_COMPILER_APPICON_NAME = AppIcon;
				CODE_SIGN_STYLE = Automatic;
				DEVELOPMENT_TEAM = 74QF95M98W;
				INFOPLIST_FILE = Todoey/Info.plist;
				LD_RUNPATH_SEARCH_PATHS = (
					"$(inherited)",
					"@executable_path/Frameworks",
				);
				PRODUCT_BUNDLE_IDENTIFIER = AB.Todoey;
				PRODUCT_NAME = "$(TARGET_NAME)";
				SWIFT_VERSION = 4.0;
				TARGETED_DEVICE_FAMILY = "1,2";
			};
			name = Release;
		};
/* End XCBuildConfiguration section */

/* Begin XCConfigurationList section */
		DDAFCAF620ADFB7800E5DAC6 /* Build configuration list for PBXProject "Todoey" */ = {
			isa = XCConfigurationList;
			buildConfigurations = (
				DDAFCB0B20ADFB7900E5DAC6 /* Debug */,
				DDAFCB0C20ADFB7900E5DAC6 /* Release */,
			);
			defaultConfigurationIsVisible = 0;
			defaultConfigurationName = Release;
		};
		DDAFCB0D20ADFB7900E5DAC6 /* Build configuration list for PBXNativeTarget "Todoey" */ = {
			isa = XCConfigurationList;
			buildConfigurations = (
				DDAFCB0E20ADFB7900E5DAC6 /* Debug */,
				DDAFCB0F20ADFB7900E5DAC6 /* Release */,
			);
			defaultConfigurationIsVisible = 0;
			defaultConfigurationName = Release;
		};
/* End XCConfigurationList section */
	};
	rootObject = DDAFCAF320ADFB7800E5DAC6 /* Project object */;
}
